
Microsoft Visual Studio Solution File, Format Version 12.00
# Visual Studio Version 16
VisualStudioVersion = 16.0.30804.86
MinimumVisualStudioVersion = 10.0.40219.1
Project("{9A19103F-16F7-4668-BE54-9A1E7A4F7556}") = "FirstWebApp_HaileyHullinger", "FirstWebApp_HaileyHullinger.csproj", "{BA296E5D-9DB2-4420-A67B-585467BA43BE}"
EndProject
Global
	GlobalSection(SolutionConfigurationPlatforms) = preSolution
		Debug|Any CPU = Debug|Any CPU
		Release|Any CPU = Release|Any CPU
	EndGlobalSection
	GlobalSection(ProjectConfigurationPlatforms) = postSolution
		{BA296E5D-9DB2-4420-A67B-585467BA43BE}.Debug|Any CPU.ActiveCfg = Debug|Any CPU
		{BA296E5D-9DB2-4420-A67B-585467BA43BE}.Debug|Any CPU.Build.0 = Debug|Any CPU
		{BA296E5D-9DB2-4420-A67B-585467BA43BE}.Release|Any CPU.ActiveCfg = Release|Any CPU
		{BA296E5D-9DB2-4420-A67B-585467BA43BE}.Release|Any CPU.Build.0 = Release|Any CPU
	EndGlobalSection
	GlobalSection(SolutionProperties) = preSolution
		HideSolutionNode = FALSE
	EndGlobalSection
	GlobalSection(ExtensibilityGlobals) = postSolution
		SolutionGuid = {51548D6D-2932-4828-A486-CBBF3447AB1A}
	EndGlobalSection
EndGlobal
